
Microsoft Visual Studio Solution File, Format Version 12.00
# Visual Studio Version 16
VisualStudioVersion = 25.0.1706.2
MinimumVisualStudioVersion = 10.0.40219.1
Project("{FAE04EC0-301F-11D3-BF4B-00C04F79EFBC}") = "AdventOfCode", "AdventOfCode.csproj", "{7B76790C-9DD2-4B7B-BCB4-573C8A9A5CAF}"
EndProject
Global
	GlobalSection(SolutionConfigurationPlatforms) = preSolution
		Debug|Any CPU = Debug|Any CPU
		Release|Any CPU = Release|Any CPU
	EndGlobalSection
	GlobalSection(ProjectConfigurationPlatforms) = postSolution
		{7B76790C-9DD2-4B7B-BCB4-573C8A9A5CAF}.Debug|Any CPU.ActiveCfg = Debug|Any CPU
		{7B76790C-9DD2-4B7B-BCB4-573C8A9A5CAF}.Debug|Any CPU.Build.0 = Debug|Any CPU
		{7B76790C-9DD2-4B7B-BCB4-573C8A9A5CAF}.Release|Any CPU.ActiveCfg = Release|Any CPU
		{7B76790C-9DD2-4B7B-BCB4-573C8A9A5CAF}.Release|Any CPU.Build.0 = Release|Any CPU
	EndGlobalSection
	GlobalSection(SolutionProperties) = preSolution
		HideSolutionNode = FALSE
	EndGlobalSection
	GlobalSection(ExtensibilityGlobals) = postSolution
		SolutionGuid = {63AD0D1F-D59E-4E77-BE1D-ED054F5CFA2C}
	EndGlobalSection
EndGlobal
